// !$*UTF8*$!
{
	archiveVersion = 1;
	classes = {
	};
	objectVersion = 56;
	objects = {

/* Begin PBXBuildFile section */
		970830A42A6DC2A5009FBE78 /* LandmarksTests.swift in Sources */ = {isa = PBXBuildFile; fileRef = 970830A32A6DC2A5009FBE78 /* LandmarksTests.swift */; };
		970830AE2A6DC2A5009FBE78 /* LandmarksUITests.swift in Sources */ = {isa = PBXBuildFile; fileRef = 970830AD2A6DC2A5009FBE78 /* LandmarksUITests.swift */; };
		970830B02A6DC2A5009FBE78 /* LandmarksUITestsLaunchTests.swift in Sources */ = {isa = PBXBuildFile; fileRef = 970830AF2A6DC2A5009FBE78 /* LandmarksUITestsLaunchTests.swift */; };
		9779C4BA2A752A4400E0EBB2 /* landmarkData.json in Resources */ = {isa = PBXBuildFile; fileRef = 9779C4B92A752A4400E0EBB2 /* landmarkData.json */; };
		9779C4C62A75487D00E0EBB2 /* Preview Assets.xcassets in Resources */ = {isa = PBXBuildFile; fileRef = 9779C4C52A75487D00E0EBB2 /* Preview Assets.xcassets */; };
		9779C4C82A75489700E0EBB2 /* Assets.xcassets in Resources */ = {isa = PBXBuildFile; fileRef = 9779C4C72A75489700E0EBB2 /* Assets.xcassets */; };
		97F404902A75AB9900192FDE /* LandmarkList.swift in Sources */ = {isa = PBXBuildFile; fileRef = 97F4048D2A75AB9900192FDE /* LandmarkList.swift */; };
		97F404912A75AB9900192FDE /* LandmarkDetail.swift in Sources */ = {isa = PBXBuildFile; fileRef = 97F4048E2A75AB9900192FDE /* LandmarkDetail.swift */; };
		97F404922A75AB9900192FDE /* LandmarkRow.swift in Sources */ = {isa = PBXBuildFile; fileRef = 97F4048F2A75AB9900192FDE /* LandmarkRow.swift */; };
		97F404942A75ABFE00192FDE /* LandmarksApp.swift in Sources */ = {isa = PBXBuildFile; fileRef = 97F404932A75ABFE00192FDE /* LandmarksApp.swift */; };
		97F404982A75AC9000192FDE /* ContentView.swift in Sources */ = {isa = PBXBuildFile; fileRef = 97F404972A75AC9000192FDE /* ContentView.swift */; };
		97F4049C2A75AF1200192FDE /* CircleImage.swift in Sources */ = {isa = PBXBuildFile; fileRef = 97F404992A75AF1200192FDE /* CircleImage.swift */; };
		97F4049D2A75AF1200192FDE /* MapView.swift in Sources */ = {isa = PBXBuildFile; fileRef = 97F4049A2A75AF1200192FDE /* MapView.swift */; };
		97F4049E2A75AF1200192FDE /* FavoriteButton.swift in Sources */ = {isa = PBXBuildFile; fileRef = 97F4049B2A75AF1200192FDE /* FavoriteButton.swift */; };
		97F404A12A75AF2D00192FDE /* Landmark.swift in Sources */ = {isa = PBXBuildFile; fileRef = 97F4049F2A75AF2D00192FDE /* Landmark.swift */; };
		97F404A22A75AF2D00192FDE /* ModelData.swift in Sources */ = {isa = PBXBuildFile; fileRef = 97F404A02A75AF2D00192FDE /* ModelData.swift */; };
/* End PBXBuildFile section */

/* Begin PBXContainerItemProxy section */
		970830A02A6DC2A5009FBE78 /* PBXContainerItemProxy */ = {
			isa = PBXContainerItemProxy;
			containerPortal = 970830872A6DC2A4009FBE78 /* Project object */;
			proxyType = 1;
			remoteGlobalIDString = 9708308E2A6DC2A4009FBE78;
			remoteInfo = Landmarks;
		};
		970830AA2A6DC2A5009FBE78 /* PBXContainerItemProxy */ = {
			isa = PBXContainerItemProxy;
			containerPortal = 970830872A6DC2A4009FBE78 /* Project object */;
			proxyType = 1;
			remoteGlobalIDString = 9708308E2A6DC2A4009FBE78;
			remoteInfo = Landmarks;
		};
/* End PBXContainerItemProxy section */

/* Begin PBXFileReference section */
		9708308F2A6DC2A4009FBE78 /* Landmarks.app */ = {isa = PBXFileReference; explicitFileType = wrapper.application; includeInIndex = 0; path = Landmarks.app; sourceTree = BUILT_PRODUCTS_DIR; };
		9708309F2A6DC2A5009FBE78 /* LandmarksTests.xctest */ = {isa = PBXFileReference; explicitFileType = wrapper.cfbundle; includeInIndex = 0; path = LandmarksTests.xctest; sourceTree = BUILT_PRODUCTS_DIR; };
		970830A32A6DC2A5009FBE78 /* LandmarksTests.swift */ = {isa = PBXFileReference; lastKnownFileType = sourcecode.swift; path = LandmarksTests.swift; sourceTree = "<group>"; };
		970830A92A6DC2A5009FBE78 /* LandmarksUITests.xctest */ = {isa = PBXFileReference; explicitFileType = wrapper.cfbundle; includeInIndex = 0; path = LandmarksUITests.xctest; sourceTree = BUILT_PRODUCTS_DIR; };
		970830AD2A6DC2A5009FBE78 /* LandmarksUITests.swift */ = {isa = PBXFileReference; lastKnownFileType = sourcecode.swift; path = LandmarksUITests.swift; sourceTree = "<group>"; };
		970830AF2A6DC2A5009FBE78 /* LandmarksUITestsLaunchTests.swift */ = {isa = PBXFileReference; lastKnownFileType = sourcecode.swift; path = LandmarksUITestsLaunchTests.swift; sourceTree = "<group>"; };
		9779C4B92A752A4400E0EBB2 /* landmarkData.json */ = {isa = PBXFileReference; fileEncoding = 4; lastKnownFileType = text.json; path = landmarkData.json; sourceTree = "<group>"; };
		9779C4C52A75487D00E0EBB2 /* Preview Assets.xcassets */ = {isa = PBXFileReference; lastKnownFileType = folder.assetcatalog; path = "Preview Assets.xcassets"; sourceTree = "<group>"; };
		9779C4C72A75489700E0EBB2 /* Assets.xcassets */ = {isa = PBXFileReference; lastKnownFileType = folder.assetcatalog; name = Assets.xcassets; path = ../Assets.xcassets; sourceTree = "<group>"; };
		97F4048D2A75AB9900192FDE /* LandmarkList.swift */ = {isa = PBXFileReference; fileEncoding = 4; lastKnownFileType = sourcecode.swift; path = LandmarkList.swift; sourceTree = "<group>"; };
		97F4048E2A75AB9900192FDE /* LandmarkDetail.swift */ = {isa = PBXFileReference; fileEncoding = 4; lastKnownFileType = sourcecode.swift; path = LandmarkDetail.swift; sourceTree = "<group>"; };
		97F4048F2A75AB9900192FDE /* LandmarkRow.swift */ = {isa = PBXFileReference; fileEncoding = 4; lastKnownFileType = sourcecode.swift; path = LandmarkRow.swift; sourceTree = "<group>"; };
		97F404932A75ABFE00192FDE /* LandmarksApp.swift */ = {isa = PBXFileReference; fileEncoding = 4; lastKnownFileType = sourcecode.swift; path = LandmarksApp.swift; sourceTree = "<group>"; };
		97F404972A75AC9000192FDE /* ContentView.swift */ = {isa = PBXFileReference; fileEncoding = 4; lastKnownFileType = sourcecode.swift; name = ContentView.swift; path = "../../../../../Downloads/HandlingUserInput-2/Complete/Landmarks/Views/ContentView.swift"; sourceTree = "<group>"; };
		97F404992A75AF1200192FDE /* CircleImage.swift */ = {isa = PBXFileReference; fileEncoding = 4; lastKnownFileType = sourcecode.swift; path = CircleImage.swift; sourceTree = "<group>"; };
		97F4049A2A75AF1200192FDE /* MapView.swift */ = {isa = PBXFileReference; fileEncoding = 4; lastKnownFileType = sourcecode.swift; path = MapView.swift; sourceTree = "<group>"; };
		97F4049B2A75AF1200192FDE /* FavoriteButton.swift */ = {isa = PBXFileReference; fileEncoding = 4; lastKnownFileType = sourcecode.swift; path = FavoriteButton.swift; sourceTree = "<group>"; };
		97F4049F2A75AF2D00192FDE /* Landmark.swift */ = {isa = PBXFileReference; fileEncoding = 4; lastKnownFileType = sourcecode.swift; path = Landmark.swift; sourceTree = "<group>"; };
		97F404A02A75AF2D00192FDE /* ModelData.swift */ = {isa = PBXFileReference; fileEncoding = 4; lastKnownFileType = sourcecode.swift; path = ModelData.swift; sourceTree = "<group>"; };
/* End PBXFileReference section */

/* Begin PBXFrameworksBuildPhase section */
		9708308C2A6DC2A4009FBE78 /* Frameworks */ = {
			isa = PBXFrameworksBuildPhase;
			buildActionMask = 2147483647;
			files = (
			);
			runOnlyForDeploymentPostprocessing = 0;
		};
		9708309C2A6DC2A5009FBE78 /* Frameworks */ = {
			isa = PBXFrameworksBuildPhase;
			buildActionMask = 2147483647;
			files = (
			);
			runOnlyForDeploymentPostprocessing = 0;
		};
		970830A62A6DC2A5009FBE78 /* Frameworks */ = {
			isa = PBXFrameworksBuildPhase;
			buildActionMask = 2147483647;
			files = (
			);
			runOnlyForDeploymentPostprocessing = 0;
		};
/* End PBXFrameworksBuildPhase section */

/* Begin PBXGroup section */
		970830862A6DC2A4009FBE78 = {
			isa = PBXGroup;
			children = (
				970830912A6DC2A4009FBE78 /* Landmarks */,
				970830A22A6DC2A5009FBE78 /* LandmarksTests */,
				970830AC2A6DC2A5009FBE78 /* LandmarksUITests */,
				970830902A6DC2A4009FBE78 /* Products */,
			);
			sourceTree = "<group>";
		};
		970830902A6DC2A4009FBE78 /* Products */ = {
			isa = PBXGroup;
			children = (
				9708308F2A6DC2A4009FBE78 /* Landmarks.app */,
				9708309F2A6DC2A5009FBE78 /* LandmarksTests.xctest */,
				970830A92A6DC2A5009FBE78 /* LandmarksUITests.xctest */,
			);
			name = Products;
			sourceTree = "<group>";
		};
		970830912A6DC2A4009FBE78 /* Landmarks */ = {
			isa = PBXGroup;
			children = (
				97F404932A75ABFE00192FDE /* LandmarksApp.swift */,
				9779C4B72A75299000E0EBB2 /* Views */,
				9779C4BB2A752AAF00E0EBB2 /* Model */,
				9779C4B82A7529E000E0EBB2 /* Resources */,
				9779C4C72A75489700E0EBB2 /* Assets.xcassets */,
				970830982A6DC2A5009FBE78 /* Preview Content */,
			);
			path = Landmarks;
			sourceTree = "<group>";
		};
		970830982A6DC2A5009FBE78 /* Preview Content */ = {
			isa = PBXGroup;
			children = (
				9779C4C52A75487D00E0EBB2 /* Preview Assets.xcassets */,
			);
			path = "Preview Content";
			sourceTree = "<group>";
		};
		970830A22A6DC2A5009FBE78 /* LandmarksTests */ = {
			isa = PBXGroup;
			children = (
				970830A32A6DC2A5009FBE78 /* LandmarksTests.swift */,
			);
			path = LandmarksTests;
			sourceTree = "<group>";
		};
		970830AC2A6DC2A5009FBE78 /* LandmarksUITests */ = {
			isa = PBXGroup;
			children = (
				970830AD2A6DC2A5009FBE78 /* LandmarksUITests.swift */,
				970830AF2A6DC2A5009FBE78 /* LandmarksUITestsLaunchTests.swift */,
			);
			path = LandmarksUITests;
			sourceTree = "<group>";
		};
		9779C4B72A75299000E0EBB2 /* Views */ = {
			isa = PBXGroup;
			children = (
				97F404972A75AC9000192FDE /* ContentView.swift */,
				9779C4D02A7594B500E0EBB2 /* Landmarks */,
				9779C4CF2A75949700E0EBB2 /* Helpers */,
			);
			path = Views;
			sourceTree = "<group>";
		};
		9779C4B82A7529E000E0EBB2 /* Resources */ = {
			isa = PBXGroup;
			children = (
				9779C4B92A752A4400E0EBB2 /* landmarkData.json */,
			);
			path = Resources;
			sourceTree = "<group>";
		};
		9779C4BB2A752AAF00E0EBB2 /* Model */ = {
			isa = PBXGroup;
			children = (
				97F4049F2A75AF2D00192FDE /* Landmark.swift */,
				97F404A02A75AF2D00192FDE /* ModelData.swift */,
			);
			path = Model;
			sourceTree = "<group>";
		};
		9779C4CF2A75949700E0EBB2 /* Helpers */ = {
			isa = PBXGroup;
			children = (
				97F404992A75AF1200192FDE /* CircleImage.swift */,
				97F4049B2A75AF1200192FDE /* FavoriteButton.swift */,
				97F4049A2A75AF1200192FDE /* MapView.swift */,
			);
			path = Helpers;
			sourceTree = "<group>";
		};
		9779C4D02A7594B500E0EBB2 /* Landmarks */ = {
			isa = PBXGroup;
			children = (
				97F4048E2A75AB9900192FDE /* LandmarkDetail.swift */,
				97F4048D2A75AB9900192FDE /* LandmarkList.swift */,
				97F4048F2A75AB9900192FDE /* LandmarkRow.swift */,
			);
			path = Landmarks;
			sourceTree = "<group>";
		};
/* End PBXGroup section */

/* Begin PBXNativeTarget section */
		9708308E2A6DC2A4009FBE78 /* Landmarks */ = {
			isa = PBXNativeTarget;
			buildConfigurationList = 970830B32A6DC2A5009FBE78 /* Build configuration list for PBXNativeTarget "Landmarks" */;
			buildPhases = (
				9708308B2A6DC2A4009FBE78 /* Sources */,
				9708308C2A6DC2A4009FBE78 /* Frameworks */,
				9708308D2A6DC2A4009FBE78 /* Resources */,
			);
			buildRules = (
			);
			dependencies = (
			);
			name = Landmarks;
			productName = Landmarks;
			productReference = 9708308F2A6DC2A4009FBE78 /* Landmarks.app */;
			productType = "com.apple.product-type.application";
		};
		9708309E2A6DC2A5009FBE78 /* LandmarksTests */ = {
			isa = PBXNativeTarget;
			buildConfigurationList = 970830B62A6DC2A5009FBE78 /* Build configuration list for PBXNativeTarget "LandmarksTests" */;
			buildPhases = (
				9708309B2A6DC2A5009FBE78 /* Sources */,
				9708309C2A6DC2A5009FBE78 /* Frameworks */,
				9708309D2A6DC2A5009FBE78 /* Resources */,
			);
			buildRules = (
			);
			dependencies = (
				970830A12A6DC2A5009FBE78 /* PBXTargetDependency */,
			);
			name = LandmarksTests;
			productName = LandmarksTests;
			productReference = 9708309F2A6DC2A5009FBE78 /* LandmarksTests.xctest */;
			productType = "com.apple.product-type.bundle.unit-test";
		};
		970830A82A6DC2A5009FBE78 /* LandmarksUITests */ = {
			isa = PBXNativeTarget;
			buildConfigurationList = 970830B92A6DC2A5009FBE78 /* Build configuration list for PBXNativeTarget "LandmarksUITests" */;
			buildPhases = (
				970830A52A6DC2A5009FBE78 /* Sources */,
				970830A62A6DC2A5009FBE78 /* Frameworks */,
				970830A72A6DC2A5009FBE78 /* Resources */,
			);
			buildRules = (
			);
			dependencies = (
				970830AB2A6DC2A5009FBE78 /* PBXTargetDependency */,
			);
			name = LandmarksUITests;
			productName = LandmarksUITests;
			productReference = 970830A92A6DC2A5009FBE78 /* LandmarksUITests.xctest */;
			productType = "com.apple.product-type.bundle.ui-testing";
		};
/* End PBXNativeTarget section */

/* Begin PBXProject section */
		970830872A6DC2A4009FBE78 /* Project object */ = {
			isa = PBXProject;
			attributes = {
				BuildIndependentTargetsInParallel = 1;
				LastSwiftUpdateCheck = 1500;
				LastUpgradeCheck = 1500;
				TargetAttributes = {
					9708308E2A6DC2A4009FBE78 = {
						CreatedOnToolsVersion = 15.0;
					};
					9708309E2A6DC2A5009FBE78 = {
						CreatedOnToolsVersion = 15.0;
						TestTargetID = 9708308E2A6DC2A4009FBE78;
					};
					970830A82A6DC2A5009FBE78 = {
						CreatedOnToolsVersion = 15.0;
						TestTargetID = 9708308E2A6DC2A4009FBE78;
					};
				};
			};
			buildConfigurationList = 9708308A2A6DC2A4009FBE78 /* Build configuration list for PBXProject "Landmarks" */;
			compatibilityVersion = "Xcode 14.0";
			developmentRegion = en;
			hasScannedForEncodings = 0;
			knownRegions = (
				en,
				Base,
			);
			mainGroup = 970830862A6DC2A4009FBE78;
			productRefGroup = 970830902A6DC2A4009FBE78 /* Products */;
			projectDirPath = "";
			projectRoot = "";
			targets = (
				9708308E2A6DC2A4009FBE78 /* Landmarks */,
				9708309E2A6DC2A5009FBE78 /* LandmarksTests */,
				970830A82A6DC2A5009FBE78 /* LandmarksUITests */,
			);
		};
/* End PBXProject section */

/* Begin PBXResourcesBuildPhase section */
		9708308D2A6DC2A4009FBE78 /* Resources */ = {
			isa = PBXResourcesBuildPhase;
			buildActionMask = 2147483647;
			files = (
				9779C4C62A75487D00E0EBB2 /* Preview Assets.xcassets in Resources */,
				9779C4C82A75489700E0EBB2 /* Assets.xcassets in Resources */,
				9779C4BA2A752A4400E0EBB2 /* landmarkData.json in Resources */,
			);
			runOnlyForDeploymentPostprocessing = 0;
		};
		9708309D2A6DC2A5009FBE78 /* Resources */ = {
			isa = PBXResourcesBuildPhase;
			buildActionMask = 2147483647;
			files = (
			);
			runOnlyForDeploymentPostprocessing = 0;
		};
		970830A72A6DC2A5009FBE78 /* Resources */ = {
			isa = PBXResourcesBuildPhase;
			buildActionMask = 2147483647;
			files = (
			);
			runOnlyForDeploymentPostprocessing = 0;
		};
/* End PBXResourcesBuildPhase section */

/* Begin PBXSourcesBuildPhase section */
		9708308B2A6DC2A4009FBE78 /* Sources */ = {
			isa = PBXSourcesBuildPhase;
			buildActionMask = 2147483647;
			files = (
				97F404902A75AB9900192FDE /* LandmarkList.swift in Sources */,
				97F4049C2A75AF1200192FDE /* CircleImage.swift in Sources */,
				97F404942A75ABFE00192FDE /* LandmarksApp.swift in Sources */,
				97F4049E2A75AF1200192FDE /* FavoriteButton.swift in Sources */,
				97F404912A75AB9900192FDE /* LandmarkDetail.swift in Sources */,
				97F404A12A75AF2D00192FDE /* Landmark.swift in Sources */,
				97F404982A75AC9000192FDE /* ContentView.swift in Sources */,
				97F404A22A75AF2D00192FDE /* ModelData.swift in Sources */,
				97F404922A75AB9900192FDE /* LandmarkRow.swift in Sources */,
				97F4049D2A75AF1200192FDE /* MapView.swift in Sources */,
			);
			runOnlyForDeploymentPostprocessing = 0;
		};
		9708309B2A6DC2A5009FBE78 /* Sources */ = {
			isa = PBXSourcesBuildPhase;
			buildActionMask = 2147483647;
			files = (
				970830A42A6DC2A5009FBE78 /* LandmarksTests.swift in Sources */,
			);
			runOnlyForDeploymentPostprocessing = 0;
		};
		970830A52A6DC2A5009FBE78 /* Sources */ = {
			isa = PBXSourcesBuildPhase;
			buildActionMask = 2147483647;
			files = (
				970830B02A6DC2A5009FBE78 /* LandmarksUITestsLaunchTests.swift in Sources */,
				970830AE2A6DC2A5009FBE78 /* LandmarksUITests.swift in Sources */,
			);
			runOnlyForDeploymentPostprocessing = 0;
		};
/* End PBXSourcesBuildPhase section */

/* Begin PBXTargetDependency section */
		970830A12A6DC2A5009FBE78 /* PBXTargetDependency */ = {
			isa = PBXTargetDependency;
			target = 9708308E2A6DC2A4009FBE78 /* Landmarks */;
			targetProxy = 970830A02A6DC2A5009FBE78 /* PBXContainerItemProxy */;
		};
		970830AB2A6DC2A5009FBE78 /* PBXTargetDependency */ = {
			isa = PBXTargetDependency;
			target = 9708308E2A6DC2A4009FBE78 /* Landmarks */;
			targetProxy = 970830AA2A6DC2A5009FBE78 /* PBXContainerItemProxy */;
		};
/* End PBXTargetDependency section */

/* Begin XCBuildConfiguration section */
		970830B12A6DC2A5009FBE78 /* Debug */ = {
			isa = XCBuildConfiguration;
			buildSettings = {
				ALWAYS_SEARCH_USER_PATHS = NO;
				ASSETCATALOG_COMPILER_GENERATE_SWIFT_ASSET_SYMBOL_EXTENSIONS = YES;
				CLANG_ANALYZER_NONNULL = YES;
				CLANG_ANALYZER_NUMBER_OBJECT_CONVERSION = YES_AGGRESSIVE;
				CLANG_CXX_LANGUAGE_STANDARD = "gnu++20";
				CLANG_ENABLE_MODULES = YES;
				CLANG_ENABLE_OBJC_ARC = YES;
				CLANG_ENABLE_OBJC_WEAK = YES;
				CLANG_WARN_BLOCK_CAPTURE_AUTORELEASING = YES;
				CLANG_WARN_BOOL_CONVERSION = YES;
				CLANG_WARN_COMMA = YES;
				CLANG_WARN_CONSTANT_CONVERSION = YES;
				CLANG_WARN_DEPRECATED_OBJC_IMPLEMENTATIONS = YES;
				CLANG_WARN_DIRECT_OBJC_ISA_USAGE = YES_ERROR;
				CLANG_WARN_DOCUMENTATION_COMMENTS = YES;
				CLANG_WARN_EMPTY_BODY = YES;
				CLANG_WARN_ENUM_CONVERSION = YES;
				CLANG_WARN_INFINITE_RECURSION = YES;
				CLANG_WARN_INT_CONVERSION = YES;
				CLANG_WARN_NON_LITERAL_NULL_CONVERSION = YES;
				CLANG_WARN_OBJC_IMPLICIT_RETAIN_SELF = YES;
				CLANG_WARN_OBJC_LITERAL_CONVERSION = YES;
				CLANG_WARN_OBJC_ROOT_CLASS = YES_ERROR;
				CLANG_WARN_QUOTED_INCLUDE_IN_FRAMEWORK_HEADER = YES;
				CLANG_WARN_RANGE_LOOP_ANALYSIS = YES;
				CLANG_WARN_STRICT_PROTOTYPES = YES;
				CLANG_WARN_SUSPICIOUS_MOVE = YES;
				CLANG_WARN_UNGUARDED_AVAILABILITY = YES_AGGRESSIVE;
				CLANG_WARN_UNREACHABLE_CODE = YES;
				CLANG_WARN__DUPLICATE_METHOD_MATCH = YES;
				COPY_PHASE_STRIP = NO;
				DEBUG_INFORMATION_FORMAT = dwarf;
				ENABLE_STRICT_OBJC_MSGSEND = YES;
				ENABLE_TESTABILITY = YES;
				ENABLE_USER_SCRIPT_SANDBOXING = YES;
				GCC_C_LANGUAGE_STANDARD = gnu17;
				GCC_DYNAMIC_NO_PIC = NO;
				GCC_NO_COMMON_BLOCKS = YES;
				GCC_OPTIMIZATION_LEVEL = 0;
				GCC_PREPROCESSOR_DEFINITIONS = (
					"DEBUG=1",
					"$(inherited)",
				);
				GCC_WARN_64_TO_32_BIT_CONVERSION = YES;
				GCC_WARN_ABOUT_RETURN_TYPE = YES_ERROR;
				GCC_WARN_UNDECLARED_SELECTOR = YES;
				GCC_WARN_UNINITIALIZED_AUTOS = YES_AGGRESSIVE;
				GCC_WARN_UNUSED_FUNCTION = YES;
				GCC_WARN_UNUSED_VARIABLE = YES;
				IPHONEOS_DEPLOYMENT_TARGET = 17.0;
				LOCALIZATION_PREFERS_STRING_CATALOGS = YES;
				MTL_ENABLE_DEBUG_INFO = INCLUDE_SOURCE;
				MTL_FAST_MATH = YES;
				ONLY_ACTIVE_ARCH = YES;
				SDKROOT = iphoneos;
				SWIFT_ACTIVE_COMPILATION_CONDITIONS = "DEBUG $(inherited)";
				SWIFT_OPTIMIZATION_LEVEL = "-Onone";
			};
			name = Debug;
		};
		970830B22A6DC2A5009FBE78 /* Release */ = {
			isa = XCBuildConfiguration;
			buildSettings = {
				ALWAYS_SEARCH_USER_PATHS = NO;
				ASSETCATALOG_COMPILER_GENERATE_SWIFT_ASSET_SYMBOL_EXTENSIONS = YES;
				CLANG_ANALYZER_NONNULL = YES;
				CLANG_ANALYZER_NUMBER_OBJECT_CONVERSION = YES_AGGRESSIVE;
				CLANG_CXX_LANGUAGE_STANDARD = "gnu++20";
				CLANG_ENABLE_MODULES = YES;
				CLANG_ENABLE_OBJC_ARC = YES;
				CLANG_ENABLE_OBJC_WEAK = YES;
				CLANG_WARN_BLOCK_CAPTURE_AUTORELEASING = YES;
				CLANG_WARN_BOOL_CONVERSION = YES;
				CLANG_WARN_COMMA = YES;
				CLANG_WARN_CONSTANT_CONVERSION = YES;
				CLANG_WARN_DEPRECATED_OBJC_IMPLEMENTATIONS = YES;
				CLANG_WARN_DIRECT_OBJC_ISA_USAGE = YES_ERROR;
				CLANG_WARN_DOCUMENTATION_COMMENTS = YES;
				CLANG_WARN_EMPTY_BODY = YES;
				CLANG_WARN_ENUM_CONVERSION = YES;
				CLANG_WARN_INFINITE_RECURSION = YES;
				CLANG_WARN_INT_CONVERSION = YES;
				CLANG_WARN_NON_LITERAL_NULL_CONVERSION = YES;
				CLANG_WARN_OBJC_IMPLICIT_RETAIN_SELF = YES;
				CLANG_WARN_OBJC_LITERAL_CONVERSION = YES;
				CLANG_WARN_OBJC_ROOT_CLASS = YES_ERROR;
				CLANG_WARN_QUOTED_INCLUDE_IN_FRAMEWORK_HEADER = YES;
				CLANG_WARN_RANGE_LOOP_ANALYSIS = YES;
				CLANG_WARN_STRICT_PROTOTYPES = YES;
				CLANG_WARN_SUSPICIOUS_MOVE = YES;
				CLANG_WARN_UNGUARDED_AVAILABILITY = YES_AGGRESSIVE;
				CLANG_WARN_UNREACHABLE_CODE = YES;
				CLANG_WARN__DUPLICATE_METHOD_MATCH = YES;
				COPY_PHASE_STRIP = NO;
				DEBUG_INFORMATION_FORMAT = "dwarf-with-dsym";
				ENABLE_NS_ASSERTIONS = NO;
				ENABLE_STRICT_OBJC_MSGSEND = YES;
				ENABLE_USER_SCRIPT_SANDBOXING = YES;
				GCC_C_LANGUAGE_STANDARD = gnu17;
				GCC_NO_COMMON_BLOCKS = YES;
				GCC_WARN_64_TO_32_BIT_CONVERSION = YES;
				GCC_WARN_ABOUT_RETURN_TYPE = YES_ERROR;
				GCC_WARN_UNDECLARED_SELECTOR = YES;
				GCC_WARN_UNINITIALIZED_AUTOS = YES_AGGRESSIVE;
				GCC_WARN_UNUSED_FUNCTION = YES;
				GCC_WARN_UNUSED_VARIABLE = YES;
				IPHONEOS_DEPLOYMENT_TARGET = 17.0;
				LOCALIZATION_PREFERS_STRING_CATALOGS = YES;
				MTL_ENABLE_DEBUG_INFO = NO;
				MTL_FAST_MATH = YES;
				SDKROOT = iphoneos;
				SWIFT_COMPILATION_MODE = wholemodule;
				VALIDATE_PRODUCT = YES;
			};
			name = Release;
		};
		970830B42A6DC2A5009FBE78 /* Debug */ = {
			isa = XCBuildConfiguration;
			buildSettings = {
				ASSETCATALOG_COMPILER_APPICON_NAME = AppIcon;
				ASSETCATALOG_COMPILER_GLOBAL_ACCENT_COLOR_NAME = AccentColor;
				CODE_SIGN_STYLE = Automatic;
				CURRENT_PROJECT_VERSION = 1;
				DEVELOPMENT_ASSET_PATHS = "\"Landmarks/Preview Content\"";
				DEVELOPMENT_TEAM = V3HW5C4GT9;
				ENABLE_PREVIEWS = YES;
				GENERATE_INFOPLIST_FILE = YES;
				INFOPLIST_KEY_UIApplicationSceneManifest_Generation = YES;
				INFOPLIST_KEY_UIApplicationSupportsIndirectInputEvents = YES;
				INFOPLIST_KEY_UILaunchScreen_Generation = YES;
				INFOPLIST_KEY_UISupportedInterfaceOrientations_iPad = "UIInterfaceOrientationPortrait UIInterfaceOrientationPortraitUpsideDown UIInterfaceOrientationLandscapeLeft UIInterfaceOrientationLandscapeRight";
				INFOPLIST_KEY_UISupportedInterfaceOrientations_iPhone = "UIInterfaceOrientationPortrait UIInterfaceOrientationLandscapeLeft UIInterfaceOrientationLandscapeRight";
				LD_RUNPATH_SEARCH_PATHS = (
					"$(inherited)",
					"@executable_path/Frameworks",
				);
				MARKETING_VERSION = 1.0;
				PRODUCT_BUNDLE_IDENTIFIER = mustafa.Landmarks;
				PRODUCT_NAME = "$(TARGET_NAME)";
				SWIFT_EMIT_LOC_STRINGS = YES;
				SWIFT_VERSION = 5.0;
				TARGETED_DEVICE_FAMILY = "1,2";
			};
			name = Debug;
		};
		970830B52A6DC2A5009FBE78 /* Release */ = {
			isa = XCBuildConfiguration;
			buildSettings = {
				ASSETCATALOG_COMPILER_APPICON_NAME = AppIcon;
				ASSETCATALOG_COMPILER_GLOBAL_ACCENT_COLOR_NAME = AccentColor;
				CODE_SIGN_STYLE = Automatic;
				CURRENT_PROJECT_VERSION = 1;
				DEVELOPMENT_ASSET_PATHS = "\"Landmarks/Preview Content\"";
				DEVELOPMENT_TEAM = V3HW5C4GT9;
				ENABLE_PREVIEWS = YES;
				GENERATE_INFOPLIST_FILE = YES;
				INFOPLIST_KEY_UIApplicationSceneManifest_Generation = YES;
				INFOPLIST_KEY_UIApplicationSupportsIndirectInputEvents = YES;
				INFOPLIST_KEY_UILaunchScreen_Generation = YES;
				INFOPLIST_KEY_UISupportedInterfaceOrientations_iPad = "UIInterfaceOrientationPortrait UIInterfaceOrientationPortraitUpsideDown UIInterfaceOrientationLandscapeLeft UIInterfaceOrientationLandscapeRight";
				INFOPLIST_KEY_UISupportedInterfaceOrientations_iPhone = "UIInterfaceOrientationPortrait UIInterfaceOrientationLandscapeLeft UIInterfaceOrientationLandscapeRight";
				LD_RUNPATH_SEARCH_PATHS = (
					"$(inherited)",
					"@executable_path/Frameworks",
				);
				MARKETING_VERSION = 1.0;
				PRODUCT_BUNDLE_IDENTIFIER = mustafa.Landmarks;
				PRODUCT_NAME = "$(TARGET_NAME)";
				SWIFT_EMIT_LOC_STRINGS = YES;
				SWIFT_VERSION = 5.0;
				TARGETED_DEVICE_FAMILY = "1,2";
			};
			name = Release;
		};
		970830B72A6DC2A5009FBE78 /* Debug */ = {
			isa = XCBuildConfiguration;
			buildSettings = {
				ALWAYS_EMBED_SWIFT_STANDARD_LIBRARIES = YES;
				BUNDLE_LOADER = "$(TEST_HOST)";
				CODE_SIGN_STYLE = Automatic;
				CURRENT_PROJECT_VERSION = 1;
				GENERATE_INFOPLIST_FILE = YES;
				IPHONEOS_DEPLOYMENT_TARGET = 17.0;
				MARKETING_VERSION = 1.0;
				PRODUCT_BUNDLE_IDENTIFIER = mustafa.LandmarksTests;
				PRODUCT_NAME = "$(TARGET_NAME)";
				SWIFT_EMIT_LOC_STRINGS = NO;
				SWIFT_VERSION = 5.0;
				TARGETED_DEVICE_FAMILY = "1,2";
				TEST_HOST = "$(BUILT_PRODUCTS_DIR)/Landmarks.app/$(BUNDLE_EXECUTABLE_FOLDER_PATH)/Landmarks";
			};
			name = Debug;
		};
		970830B82A6DC2A5009FBE78 /* Release */ = {
			isa = XCBuildConfiguration;
			buildSettings = {
				ALWAYS_EMBED_SWIFT_STANDARD_LIBRARIES = YES;
				BUNDLE_LOADER = "$(TEST_HOST)";
				CODE_SIGN_STYLE = Automatic;
				CURRENT_PROJECT_VERSION = 1;
				GENERATE_INFOPLIST_FILE = YES;
				IPHONEOS_DEPLOYMENT_TARGET = 17.0;
				MARKETING_VERSION = 1.0;
				PRODUCT_BUNDLE_IDENTIFIER = mustafa.LandmarksTests;
				PRODUCT_NAME = "$(TARGET_NAME)";
				SWIFT_EMIT_LOC_STRINGS = NO;
				SWIFT_VERSION = 5.0;
				TARGETED_DEVICE_FAMILY = "1,2";
				TEST_HOST = "$(BUILT_PRODUCTS_DIR)/Landmarks.app/$(BUNDLE_EXECUTABLE_FOLDER_PATH)/Landmarks";
			};
			name = Release;
		};
		970830BA2A6DC2A5009FBE78 /* Debug */ = {
			isa = XCBuildConfiguration;
			buildSettings = {
				ALWAYS_EMBED_SWIFT_STANDARD_LIBRARIES = YES;
				CODE_SIGN_STYLE = Automatic;
				CURRENT_PROJECT_VERSION = 1;
				GENERATE_INFOPLIST_FILE = YES;
				MARKETING_VERSION = 1.0;
				PRODUCT_BUNDLE_IDENTIFIER = mustafa.LandmarksUITests;
				PRODUCT_NAME = "$(TARGET_NAME)";
				SWIFT_EMIT_LOC_STRINGS = NO;
				SWIFT_VERSION = 5.0;
				TARGETED_DEVICE_FAMILY = "1,2";
				TEST_TARGET_NAME = Landmarks;
			};
			name = Debug;
		};
		970830BB2A6DC2A5009FBE78 /* Release */ = {
			isa = XCBuildConfiguration;
			buildSettings = {
				ALWAYS_EMBED_SWIFT_STANDARD_LIBRARIES = YES;
				CODE_SIGN_STYLE = Automatic;
				CURRENT_PROJECT_VERSION = 1;
				GENERATE_INFOPLIST_FILE = YES;
				MARKETING_VERSION = 1.0;
				PRODUCT_BUNDLE_IDENTIFIER = mustafa.LandmarksUITests;
				PRODUCT_NAME = "$(TARGET_NAME)";
				SWIFT_EMIT_LOC_STRINGS = NO;
				SWIFT_VERSION = 5.0;
				TARGETED_DEVICE_FAMILY = "1,2";
				TEST_TARGET_NAME = Landmarks;
			};
			name = Release;
		};
/* End XCBuildConfiguration section */

/* Begin XCConfigurationList section */
		9708308A2A6DC2A4009FBE78 /* Build configuration list for PBXProject "Landmarks" */ = {
			isa = XCConfigurationList;
			buildConfigurations = (
				970830B12A6DC2A5009FBE78 /* Debug */,
				970830B22A6DC2A5009FBE78 /* Release */,
			);
			defaultConfigurationIsVisible = 0;
			defaultConfigurationName = Release;
		};
		970830B32A6DC2A5009FBE78 /* Build configuration list for PBXNativeTarget "Landmarks" */ = {
			isa = XCConfigurationList;
			buildConfigurations = (
				970830B42A6DC2A5009FBE78 /* Debug */,
				970830B52A6DC2A5009FBE78 /* Release */,
			);
			defaultConfigurationIsVisible = 0;
			defaultConfigurationName = Release;
		};
		970830B62A6DC2A5009FBE78 /* Build configuration list for PBXNativeTarget "LandmarksTests" */ = {
			isa = XCConfigurationList;
			buildConfigurations = (
				970830B72A6DC2A5009FBE78 /* Debug */,
				970830B82A6DC2A5009FBE78 /* Release */,
			);
			defaultConfigurationIsVisible = 0;
			defaultConfigurationName = Release;
		};
		970830B92A6DC2A5009FBE78 /* Build configuration list for PBXNativeTarget "LandmarksUITests" */ = {
			isa = XCConfigurationList;
			buildConfigurations = (
				970830BA2A6DC2A5009FBE78 /* Debug */,
				970830BB2A6DC2A5009FBE78 /* Release */,
			);
			defaultConfigurationIsVisible = 0;
			defaultConfigurationName = Release;
		};
/* End XCConfigurationList section */
	};
	rootObject = 970830872A6DC2A4009FBE78 /* Project object */;
}
